
Microsoft Visual Studio Solution File, Format Version 11.00
# Visual Studio 2010
Project("{FAE04EC0-301F-11D3-BF4B-00C04F79EFBC}") = "Carballo", "Carballo\Carballo.csproj", "{287D697A-ECDC-4804-9C5C-93970B38C3FE}"
EndProject
Global
	GlobalSection(SolutionConfigurationPlatforms) = preSolution
		Debug|x86 = Debug|x86
		Release|x86 = Release|x86
	EndGlobalSection
	GlobalSection(ProjectConfigurationPlatforms) = postSolution
		{287D697A-ECDC-4804-9C5C-93970B38C3FE}.Debug|x86.ActiveCfg = Debug|x86
		{287D697A-ECDC-4804-9C5C-93970B38C3FE}.Debug|x86.Build.0 = Debug|x86
		{287D697A-ECDC-4804-9C5C-93970B38C3FE}.Release|x86.ActiveCfg = Release|x86
		{287D697A-ECDC-4804-9C5C-93970B38C3FE}.Release|x86.Build.0 = Release|x86
	EndGlobalSection
	GlobalSection(MonoDevelopProperties) = preSolution
		StartupItem = Carballo\Carballo.csproj
	EndGlobalSection
EndGlobal
